
Microsoft Visual Studio Solution File, Format Version 12.00
# Visual Studio Version 17
VisualStudioVersion = 17.5.33424.131
MinimumVisualStudioVersion = 10.0.40219.1
Project("{2150E333-8FDC-42A3-9474-1A3956D46DE8}") = "Solution Items", "Solution Items", "{19BCBD9B-A946-46C7-9963-61D119E9481A}"
	ProjectSection(SolutionItems) = preProject
		.editorconfig = .editorconfig
	EndProjectSection
EndProject
Project("{9A19103F-16F7-4668-BE54-9A1E7A4F7556}") = "ClinicaDentaria.Api", "ClinicaDentaria.Api\ClinicaDentaria.Api.csproj", "{79656A9C-EEAF-4F67-870E-CDC3320A51FF}"
EndProject
Project("{9A19103F-16F7-4668-BE54-9A1E7A4F7556}") = "ClinicaDentaria.Application", "ClinicaDentaria.Application\ClinicaDentaria.Application.csproj", "{3FA2B6FC-872A-4026-98F7-015D29B7ED67}"
EndProject
Project("{9A19103F-16F7-4668-BE54-9A1E7A4F7556}") = "ClinicaDentaria.Domain", "ClinicaDentaria.Domain\ClinicaDentaria.Domain.csproj", "{BB8233B1-4810-4889-A708-04B4EDFEC85B}"
EndProject
Project("{9A19103F-16F7-4668-BE54-9A1E7A4F7556}") = "ClinicaDentaria.Infra", "ClinicaDentaria.Infra\ClinicaDentaria.Infra.csproj", "{C9645044-D0D3-4843-A9F8-3D44D3ACA21F}"
EndProject
Project("{FAE04EC0-301F-11D3-BF4B-00C04F79EFBC}") = "ClinicaDentaria.Tests", "ClinicaDentaria.Tests\ClinicaDentaria.Tests.csproj", "{40F61103-EB38-40FA-9E1A-AFDDCE6196CB}"
EndProject
Global
	GlobalSection(SolutionConfigurationPlatforms) = preSolution
		Debug|Any CPU = Debug|Any CPU
		Release|Any CPU = Release|Any CPU
	EndGlobalSection
	GlobalSection(ProjectConfigurationPlatforms) = postSolution
		{79656A9C-EEAF-4F67-870E-CDC3320A51FF}.Debug|Any CPU.ActiveCfg = Debug|Any CPU
		{79656A9C-EEAF-4F67-870E-CDC3320A51FF}.Debug|Any CPU.Build.0 = Debug|Any CPU
		{79656A9C-EEAF-4F67-870E-CDC3320A51FF}.Release|Any CPU.ActiveCfg = Release|Any CPU
		{79656A9C-EEAF-4F67-870E-CDC3320A51FF}.Release|Any CPU.Build.0 = Release|Any CPU
		{3FA2B6FC-872A-4026-98F7-015D29B7ED67}.Debug|Any CPU.ActiveCfg = Debug|Any CPU
		{3FA2B6FC-872A-4026-98F7-015D29B7ED67}.Debug|Any CPU.Build.0 = Debug|Any CPU
		{3FA2B6FC-872A-4026-98F7-015D29B7ED67}.Release|Any CPU.ActiveCfg = Release|Any CPU
		{3FA2B6FC-872A-4026-98F7-015D29B7ED67}.Release|Any CPU.Build.0 = Release|Any CPU
		{BB8233B1-4810-4889-A708-04B4EDFEC85B}.Debug|Any CPU.ActiveCfg = Debug|Any CPU
		{BB8233B1-4810-4889-A708-04B4EDFEC85B}.Debug|Any CPU.Build.0 = Debug|Any CPU
		{BB8233B1-4810-4889-A708-04B4EDFEC85B}.Release|Any CPU.ActiveCfg = Release|Any CPU
		{BB8233B1-4810-4889-A708-04B4EDFEC85B}.Release|Any CPU.Build.0 = Release|Any CPU
		{C9645044-D0D3-4843-A9F8-3D44D3ACA21F}.Debug|Any CPU.ActiveCfg = Debug|Any CPU
		{C9645044-D0D3-4843-A9F8-3D44D3ACA21F}.Debug|Any CPU.Build.0 = Debug|Any CPU
		{C9645044-D0D3-4843-A9F8-3D44D3ACA21F}.Release|Any CPU.ActiveCfg = Release|Any CPU
		{C9645044-D0D3-4843-A9F8-3D44D3ACA21F}.Release|Any CPU.Build.0 = Release|Any CPU
		{40F61103-EB38-40FA-9E1A-AFDDCE6196CB}.Debug|Any CPU.ActiveCfg = Debug|Any CPU
		{40F61103-EB38-40FA-9E1A-AFDDCE6196CB}.Debug|Any CPU.Build.0 = Debug|Any CPU
		{40F61103-EB38-40FA-9E1A-AFDDCE6196CB}.Release|Any CPU.ActiveCfg = Release|Any CPU
		{40F61103-EB38-40FA-9E1A-AFDDCE6196CB}.Release|Any CPU.Build.0 = Release|Any CPU
	EndGlobalSection
	GlobalSection(SolutionProperties) = preSolution
		HideSolutionNode = FALSE
	EndGlobalSection
	GlobalSection(ExtensibilityGlobals) = postSolution
		SolutionGuid = {C96F5E81-DB2A-442E-ADA1-5167AB9A3157}
	EndGlobalSection
EndGlobal
